
Microsoft Visual Studio Solution File, Format Version 12.00
# Visual Studio Version 17
VisualStudioVersion = 17.4.33213.308
MinimumVisualStudioVersion = 10.0.40219.1
Project("{FAE04EC0-301F-11D3-BF4B-00C04F79EFBC}") = "cinema_project", "cinema_project\cinema_project.csproj", "{5F0FDBFC-AF64-4731-A880-9C8E922F86EC}"
EndProject
Global
	GlobalSection(SolutionConfigurationPlatforms) = preSolution
		Debug|Any CPU = Debug|Any CPU
		Release|Any CPU = Release|Any CPU
	EndGlobalSection
	GlobalSection(ProjectConfigurationPlatforms) = postSolution
		{5F0FDBFC-AF64-4731-A880-9C8E922F86EC}.Debug|Any CPU.ActiveCfg = Debug|Any CPU
		{5F0FDBFC-AF64-4731-A880-9C8E922F86EC}.Debug|Any CPU.Build.0 = Debug|Any CPU
		{5F0FDBFC-AF64-4731-A880-9C8E922F86EC}.Release|Any CPU.ActiveCfg = Release|Any CPU
		{5F0FDBFC-AF64-4731-A880-9C8E922F86EC}.Release|Any CPU.Build.0 = Release|Any CPU
	EndGlobalSection
	GlobalSection(SolutionProperties) = preSolution
		HideSolutionNode = FALSE
	EndGlobalSection
	GlobalSection(ExtensibilityGlobals) = postSolution
		SolutionGuid = {2B83F1C5-8CA4-419F-B19B-FD4B3C60D697}
	EndGlobalSection
EndGlobal
